
Microsoft Visual Studio Solution File, Format Version 12.00
# Visual Studio Version 17
VisualStudioVersion = 17.2.32616.157
MinimumVisualStudioVersion = 10.0.40219.1
Project("{9A19103F-16F7-4668-BE54-9A1E7A4F7556}") = "BlazorTrainingSept22", "BlazorTrainingSept22\BlazorTrainingSept22.csproj", "{86A32E7C-36A4-4F86-B85D-23E96D3FE54F}"
EndProject
Global
	GlobalSection(SolutionConfigurationPlatforms) = preSolution
		Debug|Any CPU = Debug|Any CPU
		Release|Any CPU = Release|Any CPU
	EndGlobalSection
	GlobalSection(ProjectConfigurationPlatforms) = postSolution
		{86A32E7C-36A4-4F86-B85D-23E96D3FE54F}.Debug|Any CPU.ActiveCfg = Debug|Any CPU
		{86A32E7C-36A4-4F86-B85D-23E96D3FE54F}.Debug|Any CPU.Build.0 = Debug|Any CPU
		{86A32E7C-36A4-4F86-B85D-23E96D3FE54F}.Release|Any CPU.ActiveCfg = Release|Any CPU
		{86A32E7C-36A4-4F86-B85D-23E96D3FE54F}.Release|Any CPU.Build.0 = Release|Any CPU
	EndGlobalSection
	GlobalSection(SolutionProperties) = preSolution
		HideSolutionNode = FALSE
	EndGlobalSection
	GlobalSection(ExtensibilityGlobals) = postSolution
		SolutionGuid = {77BFFC8C-F281-4645-BB31-55A28569894E}
	EndGlobalSection
EndGlobal
